{
  "version": 4,
  "terraform_version": "0.12.6",
  "serial": 9,
  "lineage": "f9046d86-cfff-1d6d-a2e7-0402652c90e3",
  "outputs": {
    "endpoint": {
      "value": "35.225.121.252",
      "type": "string"
    },
    "master_version": {
      "value": "1.12.8-gke.10",
      "type": "string"
    }
  },
  "resources": [
    {
      "mode": "managed",
      "type": "google_container_cluster",
      "name": "default1",
      "provider": "provider.google",
      "instances": [
        {
          "schema_version": 1,
          "attributes": {
            "additional_zones": [
              "us-central1-a",
              "us-central1-b",
              "us-central1-f"
            ],
            "addons_config": [
              {
                "horizontal_pod_autoscaling": [],
                "http_load_balancing": [],
                "kubernetes_dashboard": [
                  {
                    "disabled": true
                  }
                ],
                "network_policy_config": [
                  {
                    "disabled": true
                  }
                ]
              }
            ],
            "cluster_autoscaling": [],
            "cluster_ipv4_cidr": "10.28.0.0/14",
            "description": "Demo GKE Cluster",
            "enable_binary_authorization": null,
            "enable_intranode_visibility": null,
            "enable_kubernetes_alpha": false,
            "enable_legacy_abac": false,
            "enable_tpu": null,
            "endpoint": "35.225.121.252",
            "id": "demo-cluster",
            "initial_node_count": 1,
            "instance_group_urls": [],
            "ip_allocation_policy": [],
            "location": "us-central1",
            "logging_service": "logging.googleapis.com",
            "maintenance_policy": [],
            "master_auth": [
              {
                "client_certificate": "",
                "client_certificate_config": [
                  {
                    "issue_client_certificate": false
                  }
                ],
                "client_key": "",
                "cluster_ca_certificate": "LS0tLS1CRUdJTiBDRVJUSUZJQ0FURS0tLS0tCk1JSURDekNDQWZPZ0F3SUJBZ0lRTmRreDRTaGJiUDExNDE0bmdOY0JMakFOQmdrcWhraUc5dzBCQVFzRkFEQXYKTVMwd0t3WURWUVFERXlSbU56WTFaREZtTXkwelltVTNMVFJrTnpBdFlUY3pNQzFoTURkbU56Vm1NekU0WTJFdwpIaGNOTVRrd09ERXpNVFl4TVRJd1doY05NalF3T0RFeE1UY3hNVEl3V2pBdk1TMHdLd1lEVlFRREV5Um1OelkxClpERm1NeTB6WW1VM0xUUmtOekF0WVRjek1DMWhNRGRtTnpWbU16RTRZMkV3Z2dFaU1BMEdDU3FHU0liM0RRRUIKQVFVQUE0SUJEd0F3Z2dFS0FvSUJBUURLbjdSamdGSklBMkVQakhQRkFIRGNvVEE4MlZHQy9NY21xVXZma2FFdApLVzRkamFneE5FSEpDalJ4bXY2SS9keENRSzFUU1dyU3pkb3VoSkQvMkhHTEdwTEprNlRLdHgrV3o1T3BMM2Y4CmZpai9MUVFlVEtVM1FuVW1HY0pxTWZCSnBtd0lVWHZkeU5sa09Bd05Fei9VSzh5TzJLQUh1OVBnRUpnc1BXcXUKUWV4Wi96Nzc0MFp3RDVVdjFkRTFybWlHcmZlQWZKR2piVlFqSlZhSURGeTFwVnJ6ZFBzZjkzSC9EVmx4eGhTTQpuSEtJVTE1enI1TjNiMHRFMTVNNUlNSGovWFRYb29Zem5GLzBEbktoYVdkMmlrNGdDV1FEZ0pSekpPQ2N2Vlg1ClF2UzVQc0xvK05aMkxLVUZiNk15VngvS2x1NlR2a0cwUXUvZ0dzZkRhbFlOQWdNQkFBR2pJekFoTUE0R0ExVWQKRHdFQi93UUVBd0lDQkRBUEJnTlZIUk1CQWY4RUJUQURBUUgvTUEwR0NTcUdTSWIzRFFFQkN3VUFBNElCQVFBawpvd0FZUDgxbEozQzlmWWZBc1BnaU53aUpxQ1Q4YjZmaXpicUgxZkxvdy95WHczSlE3Q1kzQ3FZNUh1QU5zMnRWCkZoRU81NHMxdlBFWGpTMHE4allBTjg4ZzVlTkVIQXdjeUJFMlJobkU3NFR3bTU4aHk0Wjh1eWpxQUQ5bTZYa1UKMHpqMi9ZYkxudnhkbXNrS0JsUy9ORkdMTVd3SjNkS01KSlI2Y1g1Mis5UnJ6MEw5TGl4NVdETHg5dHJQS2JMVgpnb25HVXhXS29SLzdGMEU2UHpJQldiQ21BMmI3WHZoekpVR05tRXlPRHI3MFFBS0JoZ1VCY3NWL2pzK2gyR1U2CkYwR2JGY212Vkh2MnBKWGt0VW5rdlBzR1hCWmc3Wng2bkN6WU9OMlREN2FuQ2NZY29PeHdRRzI4RGdBa0pFYjEKbXI1dTAxRUZWcTdFbW5JRmI1Z0wKLS0tLS1FTkQgQ0VSVElGSUNBVEUtLS0tLQo=",
                "password": "",
                "username": ""
              }
            ],
            "master_authorized_networks_config": [],
            "master_version": "1.12.8-gke.10",
            "min_master_version": null,
            "monitoring_service": "monitoring.googleapis.com",
            "name": "demo-cluster",
            "network": "projects/k8s-test-249119/global/networks/default",
            "network_policy": [
              {
                "enabled": false,
                "provider": "PROVIDER_UNSPECIFIED"
              }
            ],
            "node_config": [],
            "node_locations": [
              "us-central1-a",
              "us-central1-b",
              "us-central1-f"
            ],
            "node_pool": [],
            "node_version": "1.12.8-gke.10",
            "pod_security_policy_config": [],
            "private_cluster_config": [],
            "project": "k8s-test-249119",
            "region": "us-central1",
            "remove_default_node_pool": true,
            "resource_labels": null,
            "services_ipv4_cidr": "10.31.240.0/20",
            "subnetwork": "projects/k8s-test-249119/regions/us-central1/subnetworks/default",
            "timeouts": null,
            "zone": null
          },
          "private": "eyJlMmJmYjczMC1lY2FhLTExZTYtOGY4OC0zNDM2M2JjN2M0YzAiOnsiY3JlYXRlIjoxODAwMDAwMDAwMDAwLCJkZWxldGUiOjE4MDAwMDAwMDAwMDAsInVwZGF0ZSI6MzYwMDAwMDAwMDAwMH0sInNjaGVtYV92ZXJzaW9uIjoiMSJ9"
        }
      ]
    },
    {
      "mode": "managed",
      "type": "google_container_node_pool",
      "name": "default1",
      "provider": "provider.google",
      "instances": [
        {
          "schema_version": 1,
          "attributes": {
            "autoscaling": [],
            "cluster": "demo-cluster",
            "id": "us-central1/demo-cluster/demo-cluster-node-pool",
            "initial_node_count": 1,
            "instance_group_urls": [
              "https://www.googleapis.com/compute/v1/projects/k8s-test-249119/zones/us-central1-a/instanceGroupManagers/gke-demo-cluster-demo-cluster-node-po-14fcab02-grp",
              "https://www.googleapis.com/compute/v1/projects/k8s-test-249119/zones/us-central1-f/instanceGroupManagers/gke-demo-cluster-demo-cluster-node-po-5f709f05-grp",
              "https://www.googleapis.com/compute/v1/projects/k8s-test-249119/zones/us-central1-b/instanceGroupManagers/gke-demo-cluster-demo-cluster-node-po-eca93831-grp"
            ],
            "location": "us-central1",
            "management": [
              {
                "auto_repair": false,
                "auto_upgrade": false
              }
            ],
            "max_pods_per_node": null,
            "name": "demo-cluster-node-pool",
            "name_prefix": "",
            "node_config": [
              {
                "disk_size_gb": 100,
                "disk_type": "pd-standard",
                "guest_accelerator": [],
                "image_type": "COS",
                "labels": {},
                "local_ssd_count": 0,
                "machine_type": "n1-standard-1",
                "metadata": {
                  "disable-legacy-endpoints": "true"
                },
                "min_cpu_platform": "",
                "oauth_scopes": [
                  "https://www.googleapis.com/auth/logging.write",
                  "https://www.googleapis.com/auth/monitoring"
                ],
                "preemptible": true,
                "sandbox_config": [],
                "service_account": "default",
                "tags": null,
                "taint": [],
                "workload_metadata_config": []
              }
            ],
            "node_count": 1,
            "project": "k8s-test-249119",
            "region": "us-central1",
            "timeouts": null,
            "version": "1.12.8-gke.10",
            "zone": null
          },
          "private": "eyJlMmJmYjczMC1lY2FhLTExZTYtOGY4OC0zNDM2M2JjN2M0YzAiOnsiY3JlYXRlIjoxODAwMDAwMDAwMDAwLCJkZWxldGUiOjYwMDAwMDAwMDAwMCwidXBkYXRlIjo2MDAwMDAwMDAwMDB9LCJzY2hlbWFfdmVyc2lvbiI6IjEifQ==",
          "depends_on": [
            "google_container_cluster.default1"
          ]
        }
      ]
    }
  ]
}
